
Microsoft Visual Studio Solution File, Format Version 12.00
# Visual Studio 2012
Project("{FAE04EC0-301F-11D3-BF4B-00C04F79EFBC}") = "Mondido", "Mondido\Mondido.csproj", "{D4D647F4-9BD9-4042-844A-AB1877663317}"
EndProject
Project("{FAE04EC0-301F-11D3-BF4B-00C04F79EFBC}") = "Mondido.iOS", "iOS\Mondido.iOS.csproj", "{0741E283-469D-45BB-97E1-3AFEE8635736}"
EndProject
Project("{FAE04EC0-301F-11D3-BF4B-00C04F79EFBC}") = "Mondido.Droid", "Droid\Mondido.Droid.csproj", "{49C86C48-68E4-41C3-A086-D50CB96B25A6}"
EndProject
Global
	GlobalSection(SolutionConfigurationPlatforms) = preSolution
		Debug|Any CPU = Debug|Any CPU
		Release|Any CPU = Release|Any CPU
		Debug|iPhoneSimulator = Debug|iPhoneSimulator
		Release|iPhone = Release|iPhone
		Release|iPhoneSimulator = Release|iPhoneSimulator
		Debug|iPhone = Debug|iPhone
	EndGlobalSection
	GlobalSection(ProjectConfigurationPlatforms) = postSolution
		{D4D647F4-9BD9-4042-844A-AB1877663317}.Debug|Any CPU.ActiveCfg = Debug|Any CPU
		{D4D647F4-9BD9-4042-844A-AB1877663317}.Debug|Any CPU.Build.0 = Debug|Any CPU
		{D4D647F4-9BD9-4042-844A-AB1877663317}.Release|Any CPU.ActiveCfg = Release|Any CPU
		{D4D647F4-9BD9-4042-844A-AB1877663317}.Release|Any CPU.Build.0 = Release|Any CPU
		{D4D647F4-9BD9-4042-844A-AB1877663317}.Debug|iPhoneSimulator.ActiveCfg = Debug|Any CPU
		{D4D647F4-9BD9-4042-844A-AB1877663317}.Debug|iPhoneSimulator.Build.0 = Debug|Any CPU
		{D4D647F4-9BD9-4042-844A-AB1877663317}.Release|iPhone.ActiveCfg = Release|Any CPU
		{D4D647F4-9BD9-4042-844A-AB1877663317}.Release|iPhone.Build.0 = Release|Any CPU
		{D4D647F4-9BD9-4042-844A-AB1877663317}.Release|iPhoneSimulator.ActiveCfg = Release|Any CPU
		{D4D647F4-9BD9-4042-844A-AB1877663317}.Release|iPhoneSimulator.Build.0 = Release|Any CPU
		{D4D647F4-9BD9-4042-844A-AB1877663317}.Debug|iPhone.ActiveCfg = Debug|Any CPU
		{D4D647F4-9BD9-4042-844A-AB1877663317}.Debug|iPhone.Build.0 = Debug|Any CPU
		{0741E283-469D-45BB-97E1-3AFEE8635736}.Debug|Any CPU.ActiveCfg = Debug|iPhoneSimulator
		{0741E283-469D-45BB-97E1-3AFEE8635736}.Debug|Any CPU.Build.0 = Debug|iPhoneSimulator
		{0741E283-469D-45BB-97E1-3AFEE8635736}.Release|Any CPU.ActiveCfg = Release|iPhone
		{0741E283-469D-45BB-97E1-3AFEE8635736}.Release|Any CPU.Build.0 = Release|iPhone
		{0741E283-469D-45BB-97E1-3AFEE8635736}.Debug|iPhoneSimulator.ActiveCfg = Debug|iPhoneSimulator
		{0741E283-469D-45BB-97E1-3AFEE8635736}.Debug|iPhoneSimulator.Build.0 = Debug|iPhoneSimulator
		{0741E283-469D-45BB-97E1-3AFEE8635736}.Release|iPhone.ActiveCfg = Release|iPhone
		{0741E283-469D-45BB-97E1-3AFEE8635736}.Release|iPhone.Build.0 = Release|iPhone
		{0741E283-469D-45BB-97E1-3AFEE8635736}.Release|iPhoneSimulator.ActiveCfg = Release|iPhoneSimulator
		{0741E283-469D-45BB-97E1-3AFEE8635736}.Release|iPhoneSimulator.Build.0 = Release|iPhoneSimulator
		{0741E283-469D-45BB-97E1-3AFEE8635736}.Debug|iPhone.ActiveCfg = Debug|iPhone
		{0741E283-469D-45BB-97E1-3AFEE8635736}.Debug|iPhone.Build.0 = Debug|iPhone
		{49C86C48-68E4-41C3-A086-D50CB96B25A6}.Debug|Any CPU.ActiveCfg = Debug|Any CPU
		{49C86C48-68E4-41C3-A086-D50CB96B25A6}.Debug|Any CPU.Build.0 = Debug|Any CPU
		{49C86C48-68E4-41C3-A086-D50CB96B25A6}.Release|Any CPU.ActiveCfg = Release|Any CPU
		{49C86C48-68E4-41C3-A086-D50CB96B25A6}.Release|Any CPU.Build.0 = Release|Any CPU
		{49C86C48-68E4-41C3-A086-D50CB96B25A6}.Debug|iPhoneSimulator.ActiveCfg = Debug|Any CPU
		{49C86C48-68E4-41C3-A086-D50CB96B25A6}.Debug|iPhoneSimulator.Build.0 = Debug|Any CPU
		{49C86C48-68E4-41C3-A086-D50CB96B25A6}.Release|iPhone.ActiveCfg = Release|Any CPU
		{49C86C48-68E4-41C3-A086-D50CB96B25A6}.Release|iPhone.Build.0 = Release|Any CPU
		{49C86C48-68E4-41C3-A086-D50CB96B25A6}.Release|iPhoneSimulator.ActiveCfg = Release|Any CPU
		{49C86C48-68E4-41C3-A086-D50CB96B25A6}.Release|iPhoneSimulator.Build.0 = Release|Any CPU
		{49C86C48-68E4-41C3-A086-D50CB96B25A6}.Debug|iPhone.ActiveCfg = Debug|Any CPU
		{49C86C48-68E4-41C3-A086-D50CB96B25A6}.Debug|iPhone.Build.0 = Debug|Any CPU
	EndGlobalSection
	GlobalSection(MonoDevelopProperties) = preSolution
		description = @Mondido Payments Xamarin SDK\nhttps://www.mondido.com/en\n\nhelp@mondido.com
		version = 1.0
	EndGlobalSection
EndGlobal
